<?xml version="1.0" encoding="UTF-8"?>
<CONFIG>
  <ProjectOptions>
    <Version Value="12"/>
    <PathDelim Value="\"/>
    <General>
      <SessionStorage Value="InProjectDir"/>
      <AutoCreateForms Value="False"/>
      <Title Value="DKForeman"/>
      <Scaled Value="True"/>
      <ResourceType Value="res"/>
      <UseXPManifest Value="True"/>
      <XPManifest>
        <DpiAware Value="True"/>
      </XPManifest>
      <Icon Value="0"/>
    </General>
    <BuildModes>
      <Item Name="Default" Default="True"/>
    </BuildModes>
    <PublishOptions>
      <Version Value="2"/>
      <UseFileFilters Value="True"/>
    </PublishOptions>
    <RunParams>
      <FormatVersion Value="2"/>
    </RunParams>
    <RequiredPackages>
      <Item>
        <PackageName Value="DKDialogs"/>
      </Item>
      <Item>
        <PackageName Value="DKUIUtils"/>
      </Item>
      <Item>
        <PackageName Value="LazControlDsgn"/>
      </Item>
      <Item>
        <PackageName Value="laz_fpspreadsheet_visual_dsgn"/>
      </Item>
      <Item>
        <PackageName Value="laz_fpspreadsheet_visual"/>
      </Item>
      <Item>
        <PackageName Value="DKSpreadSheet"/>
      </Item>
      <Item>
        <PackageName Value="DateTimeCtrlsDsgn"/>
      </Item>
      <Item>
        <PackageName Value="DateTimeCtrls"/>
      </Item>
      <Item>
        <PackageName Value="DKVTUtils"/>
      </Item>
      <Item>
        <PackageName Value="virtualtreeview_package"/>
      </Item>
      <Item>
        <PackageName Value="bgracontrols"/>
      </Item>
      <Item>
        <PackageName Value="DKDatabase"/>
      </Item>
      <Item>
        <PackageName Value="LazControls"/>
      </Item>
      <Item>
        <PackageName Value="DKUtils"/>
      </Item>
      <Item>
        <PackageName Value="LCL"/>
      </Item>
    </RequiredPackages>
    <Units>
      <Unit>
        <Filename Value="DKForeman.lpr"/>
        <IsPartOfProject Value="True"/>
      </Unit>
      <Unit>
        <Filename Value="umainform.pas"/>
        <IsPartOfProject Value="True"/>
        <ComponentName Value="MainForm"/>
        <HasResources Value="True"/>
        <ResourceBaseClass Value="Form"/>
        <UnitName Value="UMainForm"/>
      </Unit>
      <Unit>
        <Filename Value="forms\timing\ucalendarform.pas"/>
        <IsPartOfProject Value="True"/>
        <ComponentName Value="CalendarForm"/>
        <HasResources Value="True"/>
        <ResourceBaseClass Value="Form"/>
        <UnitName Value="UCalendarForm"/>
      </Unit>
      <Unit>
        <Filename Value="utils\udatabase.pas"/>
        <IsPartOfProject Value="True"/>
        <UnitName Value="UDataBase"/>
      </Unit>
      <Unit>
        <Filename Value="forms\staff\ustaffform.pas"/>
        <IsPartOfProject Value="True"/>
        <ComponentName Value="StaffForm"/>
        <HasResources Value="True"/>
        <ResourceBaseClass Value="Form"/>
        <UnitName Value="UStaffForm"/>
      </Unit>
      <Unit>
        <Filename Value="forms\timing\uscheduleshiftform.pas"/>
        <IsPartOfProject Value="True"/>
        <ComponentName Value="ScheduleShiftForm"/>
        <HasResources Value="True"/>
        <ResourceBaseClass Value="Form"/>
        <UnitName Value="UScheduleShiftForm"/>
      </Unit>
      <Unit>
        <Filename Value="forms\timing\uvacationplanform.pas"/>
        <IsPartOfProject Value="True"/>
        <ComponentName Value="VacationPlanForm"/>
        <HasResources Value="True"/>
        <ResourceBaseClass Value="Form"/>
        <UnitName Value="UVacationPlanForm"/>
      </Unit>
      <Unit>
        <Filename Value="forms\timing\uschedulepersonalform.pas"/>
        <IsPartOfProject Value="True"/>
        <ComponentName Value="SchedulePersonalForm"/>
        <HasResources Value="True"/>
        <ResourceBaseClass Value="Form"/>
        <UnitName Value="USchedulePersonalForm"/>
      </Unit>
      <Unit>
        <Filename Value="forms\timing\utimetableform.pas"/>
        <IsPartOfProject Value="True"/>
        <ComponentName Value="TimetableForm"/>
        <HasResources Value="True"/>
        <ResourceBaseClass Value="Form"/>
        <UnitName Value="UTimetableForm"/>
      </Unit>
      <Unit>
        <Filename Value="forms\siz\usizstoreform.pas"/>
        <IsPartOfProject Value="True"/>
        <ComponentName Value="SIZStoreForm"/>
        <HasResources Value="True"/>
        <ResourceBaseClass Value="Form"/>
        <UnitName Value="USIZStoreForm"/>
      </Unit>
      <Unit>
        <Filename Value="forms\briefing\ubriefingform.pas"/>
        <IsPartOfProject Value="True"/>
        <ComponentName Value="BriefingForm"/>
        <HasResources Value="True"/>
        <ResourceBaseClass Value="Form"/>
        <UnitName Value="UBriefingForm"/>
      </Unit>
      <Unit>
        <Filename Value="utils\uconst.pas"/>
        <IsPartOfProject Value="True"/>
        <UnitName Value="UConst"/>
      </Unit>
      <Unit>
        <Filename Value="utils\utypes.pas"/>
        <IsPartOfProject Value="True"/>
        <UnitName Value="UTypes"/>
      </Unit>
      <Unit>
        <Filename Value="forms\staff\ustaffmaineditform.pas"/>
        <IsPartOfProject Value="True"/>
        <ComponentName Value="StaffMainEditForm"/>
        <HasResources Value="True"/>
        <ResourceBaseClass Value="Form"/>
        <UnitName Value="UStaffMainEditForm"/>
      </Unit>
      <Unit>
        <Filename Value="utils\uutils.pas"/>
        <IsPartOfProject Value="True"/>
        <UnitName Value="UUtils"/>
      </Unit>
      <Unit>
        <Filename Value="forms\staff\ustafftabnumeditform.pas"/>
        <IsPartOfProject Value="True"/>
        <ComponentName Value="StaffTabNumEditForm"/>
        <HasResources Value="True"/>
        <ResourceBaseClass Value="Form"/>
        <UnitName Value="UStaffTabNumEditForm"/>
      </Unit>
      <Unit>
        <Filename Value="forms\staff\ustaffpostlogeditform.pas"/>
        <IsPartOfProject Value="True"/>
        <ComponentName Value="StaffPostlogEditForm"/>
        <HasResources Value="True"/>
        <ResourceBaseClass Value="Form"/>
        <UnitName Value="UStaffPostLogEditForm"/>
      </Unit>
      <Unit>
        <Filename Value="utils\timing\ucalendar.pas"/>
        <IsPartOfProject Value="True"/>
        <UnitName Value="UCalendar"/>
      </Unit>
      <Unit>
        <Filename Value="utils\timing\uworkhours.pas"/>
        <IsPartOfProject Value="True"/>
        <UnitName Value="UWorkHours"/>
      </Unit>
      <Unit>
        <Filename Value="utils\timing\ucalendarsheet.pas"/>
        <IsPartOfProject Value="True"/>
        <UnitName Value="UCalendarSheet"/>
      </Unit>
      <Unit>
        <Filename Value="forms\timing\ucalendareditform.pas"/>
        <IsPartOfProject Value="True"/>
        <ComponentName Value="CalendarEditForm"/>
        <HasResources Value="True"/>
        <ResourceBaseClass Value="Form"/>
        <UnitName Value="UCalendarEditForm"/>
      </Unit>
      <Unit>
        <Filename Value="forms\timing\uschedulecorrectioneditform.pas"/>
        <IsPartOfProject Value="True"/>
        <ComponentName Value="ScheduleCorrectionEditForm"/>
        <HasResources Value="True"/>
        <ResourceBaseClass Value="Form"/>
        <UnitName Value="UScheduleCorrectionEditForm"/>
      </Unit>
      <Unit>
        <Filename Value="utils\timing\utimingsheet.pas"/>
        <IsPartOfProject Value="True"/>
        <UnitName Value="UTimingSheet"/>
      </Unit>
      <Unit>
        <Filename Value="utils\timing\uschedulesheet.pas"/>
        <IsPartOfProject Value="True"/>
        <UnitName Value="UScheduleSheet"/>
      </Unit>
      <Unit>
        <Filename Value="forms\timing\uscheduleshifteditform.pas"/>
        <IsPartOfProject Value="True"/>
        <ComponentName Value="ScheduleShiftEditForm"/>
        <HasResources Value="True"/>
        <ResourceBaseClass Value="Form"/>
        <UnitName Value="UScheduleShiftEditForm"/>
      </Unit>
      <Unit>
        <Filename Value="forms\timing\uscheduleshiftmonthform.pas"/>
        <IsPartOfProject Value="True"/>
        <ComponentName Value="ScheduleShiftMonthForm"/>
        <HasResources Value="True"/>
        <ResourceBaseClass Value="Form"/>
        <UnitName Value="UScheduleShiftMonthForm"/>
      </Unit>
      <Unit>
        <Filename Value="forms\timing\uscheduleshiftcalendarform.pas"/>
        <IsPartOfProject Value="True"/>
        <ComponentName Value="ScheduleShiftCalendarForm"/>
        <HasResources Value="True"/>
        <ResourceBaseClass Value="Form"/>
        <UnitName Value="UScheduleShiftCalendarForm"/>
      </Unit>
      <Unit>
        <Filename Value="forms\timing\uschedulepersonaleditform.pas"/>
        <IsPartOfProject Value="True"/>
        <ComponentName Value="SchedulePersonalEditForm"/>
        <HasResources Value="True"/>
        <ResourceBaseClass Value="Form"/>
        <UnitName Value="USchedulePersonalEditForm"/>
      </Unit>
      <Unit>
        <Filename Value="forms\timing\uvacationscheduleform.pas"/>
        <IsPartOfProject Value="True"/>
        <ComponentName Value="VacationScheduleForm"/>
        <HasResources Value="True"/>
        <ResourceBaseClass Value="Form"/>
        <UnitName Value="UVacationScheduleForm"/>
      </Unit>
      <Unit>
        <Filename Value="forms\timing\uschedulepersonalmonthform.pas"/>
        <IsPartOfProject Value="True"/>
        <ComponentName Value="SchedulePersonalMonthForm"/>
        <HasResources Value="True"/>
        <ResourceBaseClass Value="Form"/>
        <UnitName Value="USchedulePersonalMonthForm"/>
      </Unit>
      <Unit>
        <Filename Value="forms\uchooseform.pas"/>
        <IsPartOfProject Value="True"/>
        <ComponentName Value="ChooseForm"/>
        <HasResources Value="True"/>
        <ResourceBaseClass Value="Form"/>
        <UnitName Value="UChooseForm"/>
      </Unit>
      <Unit>
        <Filename Value="uimages.pas"/>
        <IsPartOfProject Value="True"/>
        <ComponentName Value="Images"/>
        <HasResources Value="True"/>
        <ResourceBaseClass Value="DataModule"/>
        <UnitName Value="UImages"/>
      </Unit>
      <Unit>
        <Filename Value="utils\timing\utimetable.pas"/>
        <IsPartOfProject Value="True"/>
        <UnitName Value="UTimetable"/>
      </Unit>
      <Unit>
        <Filename Value="utils\timing\utimetablesheet.pas"/>
        <IsPartOfProject Value="True"/>
        <UnitName Value="UTimetableSheet"/>
      </Unit>
      <Unit>
        <Filename Value="forms\timing\utimetableeditform.pas"/>
        <IsPartOfProject Value="True"/>
        <ComponentName Value="TimetableEditForm"/>
        <HasResources Value="True"/>
        <ResourceBaseClass Value="Form"/>
        <UnitName Value="UTimetableEditForm"/>
      </Unit>
      <Unit>
        <Filename Value="forms\timing\utimetablemonthform.pas"/>
        <IsPartOfProject Value="True"/>
        <ComponentName Value="TimetableMonthForm"/>
        <HasResources Value="True"/>
        <ResourceBaseClass Value="Form"/>
        <UnitName Value="UTimetableMonthForm"/>
      </Unit>
      <Unit>
        <Filename Value="utils\timing\uschedule.pas"/>
        <IsPartOfProject Value="True"/>
        <UnitName Value="USchedule"/>
      </Unit>
      <Unit>
        <Filename Value="forms\timing\uvacationplaneditform.pas"/>
        <IsPartOfProject Value="True"/>
        <ComponentName Value="VacationPlanEditForm"/>
        <HasResources Value="True"/>
        <ResourceBaseClass Value="Form"/>
        <UnitName Value="UVacationPlanEditForm"/>
      </Unit>
      <Unit>
        <Filename Value="forms\timing\uvacationplanningform.pas"/>
        <IsPartOfProject Value="True"/>
        <ComponentName Value="VacationPlanningForm"/>
        <HasResources Value="True"/>
        <ResourceBaseClass Value="Form"/>
        <UnitName Value="UVacationPlanningForm"/>
      </Unit>
      <Unit>
        <Filename Value="forms\siz\usiznormform.pas"/>
        <IsPartOfProject Value="True"/>
        <ComponentName Value="SIZNormForm"/>
        <HasResources Value="True"/>
        <ResourceBaseClass Value="Form"/>
        <UnitName Value="USIZNormForm"/>
      </Unit>
      <Unit>
        <Filename Value="utils\siz\usiznormsheet.pas"/>
        <IsPartOfProject Value="True"/>
        <UnitName Value="USIZNormSheet"/>
      </Unit>
      <Unit>
        <Filename Value="utils\siz\usizsizes.pas"/>
        <IsPartOfProject Value="True"/>
        <UnitName Value="USIZSizes"/>
      </Unit>
      <Unit>
        <Filename Value="utils\timing\utimingutils.pas"/>
        <IsPartOfProject Value="True"/>
        <UnitName Value="UTimingUtils"/>
      </Unit>
      <Unit>
        <Filename Value="utils\siz\usizutils.pas"/>
        <IsPartOfProject Value="True"/>
        <UnitName Value="USIZUtils"/>
      </Unit>
      <Unit>
        <Filename Value="utils\siz\usiznormtypes.pas"/>
        <IsPartOfProject Value="True"/>
        <UnitName Value="USIZNormTypes"/>
      </Unit>
      <Unit>
        <Filename Value="forms\siz\usiznormeditform.pas"/>
        <IsPartOfProject Value="True"/>
        <ComponentName Value="SIZNormEditForm"/>
        <HasResources Value="True"/>
        <ResourceBaseClass Value="Form"/>
        <UnitName Value="USIZNormEditForm"/>
      </Unit>
      <Unit>
        <Filename Value="forms\siz\usiznormitemeditform.pas"/>
        <IsPartOfProject Value="True"/>
        <ComponentName Value="SIZNormItemEditForm"/>
        <HasResources Value="True"/>
        <ResourceBaseClass Value="Form"/>
        <UnitName Value="USIZNormItemEditForm"/>
      </Unit>
      <Unit>
        <Filename Value="forms\siz\usiznormsubitemeditform.pas"/>
        <IsPartOfProject Value="True"/>
        <ComponentName Value="SIZNormSubItemEditForm"/>
        <HasResources Value="True"/>
        <ResourceBaseClass Value="Form"/>
        <UnitName Value="USIZNormSubItemEditForm"/>
      </Unit>
      <Unit>
        <Filename Value="forms\usearchform.pas"/>
        <IsPartOfProject Value="True"/>
        <ComponentName Value="SearchForm"/>
        <HasResources Value="True"/>
        <ResourceBaseClass Value="Form"/>
        <UnitName Value="USearchForm"/>
      </Unit>
      <Unit>
        <Filename Value="forms\siz\usizsizeform.pas"/>
        <IsPartOfProject Value="True"/>
        <ComponentName Value="SIZSizeForm"/>
        <HasResources Value="True"/>
        <ResourceBaseClass Value="Form"/>
        <UnitName Value="USIZSizeForm"/>
      </Unit>
      <Unit>
        <Filename Value="forms\siz\usizcardeditform.pas"/>
        <IsPartOfProject Value="True"/>
        <ComponentName Value="SIZCardEditForm"/>
        <HasResources Value="True"/>
        <ResourceBaseClass Value="Form"/>
        <UnitName Value="USIZCardEditForm"/>
      </Unit>
      <Unit>
        <Filename Value="forms\siz\usizcardform.pas"/>
        <IsPartOfProject Value="True"/>
        <ComponentName Value="SIZCardForm"/>
        <HasResources Value="True"/>
        <ResourceBaseClass Value="Form"/>
        <UnitName Value="USIZCardForm"/>
      </Unit>
      <Unit>
        <Filename Value="forms\siz\usiznameeditform.pas"/>
        <IsPartOfProject Value="True"/>
        <ComponentName Value="SIZNameEditForm"/>
        <HasResources Value="True"/>
        <ResourceBaseClass Value="Form"/>
        <UnitName Value="USIZNameEditForm"/>
      </Unit>
      <Unit>
        <Filename Value="forms\siz\usizcardfrontform.pas"/>
        <IsPartOfProject Value="True"/>
        <ComponentName Value="SIZCardFrontForm"/>
        <HasResources Value="True"/>
        <ResourceBaseClass Value="Form"/>
        <UnitName Value="USIZCardFrontForm"/>
      </Unit>
      <Unit>
        <Filename Value="forms\siz\usizcardbackform.pas"/>
        <IsPartOfProject Value="True"/>
        <ComponentName Value="SIZCardBackForm"/>
        <HasResources Value="True"/>
        <ResourceBaseClass Value="Form"/>
        <UnitName Value="USIZCardBackForm"/>
      </Unit>
      <Unit>
        <Filename Value="forms\siz\usizcardstatusform.pas"/>
        <IsPartOfProject Value="True"/>
        <ComponentName Value="SIZCardStatusForm"/>
        <HasResources Value="True"/>
        <ResourceBaseClass Value="Form"/>
        <UnitName Value="USIZCardStatusForm"/>
      </Unit>
      <Unit>
        <Filename Value="utils\siz\usizcardsheet.pas"/>
        <IsPartOfProject Value="True"/>
        <UnitName Value="USIZCardSheet"/>
      </Unit>
      <Unit>
        <Filename Value="forms\uparamform.pas"/>
        <IsPartOfProject Value="True"/>
        <ComponentName Value="ParamForm"/>
        <HasResources Value="True"/>
        <ResourceBaseClass Value="Form"/>
        <UnitName Value="UParamForm"/>
      </Unit>
      <Unit>
        <Filename Value="utils\uvars.pas"/>
        <IsPartOfProject Value="True"/>
        <UnitName Value="UVars"/>
      </Unit>
      <Unit>
        <Filename Value="forms\siz\usizdocform.pas"/>
        <IsPartOfProject Value="True"/>
        <ComponentName Value="SIZDocForm"/>
        <HasResources Value="True"/>
        <ResourceBaseClass Value="Form"/>
        <UnitName Value="USIZDocForm"/>
      </Unit>
      <Unit>
        <Filename Value="forms\siz\usizstorehistoryform.pas"/>
        <IsPartOfProject Value="True"/>
        <ComponentName Value="SIZStoreHistoryForm"/>
        <HasResources Value="True"/>
        <ResourceBaseClass Value="Form"/>
        <UnitName Value="USIZStoreHistoryForm"/>
      </Unit>
      <Unit>
        <Filename Value="forms\siz\usizdoceditform.pas"/>
        <IsPartOfProject Value="True"/>
        <ComponentName Value="SIZDocEditForm"/>
        <HasResources Value="True"/>
        <ResourceBaseClass Value="Form"/>
        <UnitName Value="USIZDocEditForm"/>
      </Unit>
      <Unit>
        <Filename Value="forms\siz\usizstoreentryeditform.pas"/>
        <IsPartOfProject Value="True"/>
        <ComponentName Value="SIZStoreEntryEditForm"/>
        <HasResources Value="True"/>
        <ResourceBaseClass Value="Form"/>
        <UnitName Value="USIZStoreEntryEditForm"/>
      </Unit>
      <Unit>
        <Filename Value="forms\siz\usizstorewriteoffeditform.pas"/>
        <IsPartOfProject Value="True"/>
        <ComponentName Value="SIZStoreWriteoffEditForm"/>
        <HasResources Value="True"/>
        <ResourceBaseClass Value="Form"/>
        <UnitName Value="USIZStoreWriteoffEditForm"/>
      </Unit>
      <Unit>
        <Filename Value="forms\siz\usizdocstoreentryform.pas"/>
        <IsPartOfProject Value="True"/>
        <ComponentName Value="SIZDocStoreEntryForm"/>
        <HasResources Value="True"/>
        <ResourceBaseClass Value="Form"/>
        <UnitName Value="USIZDocStoreEntryForm"/>
      </Unit>
      <Unit>
        <Filename Value="forms\siz\usizdocstorewriteoffform.pas"/>
        <IsPartOfProject Value="True"/>
        <ComponentName Value="SIZDocStoreWriteoffForm"/>
        <HasResources Value="True"/>
        <ResourceBaseClass Value="Form"/>
        <UnitName Value="USIZDocStoreWriteoffForm"/>
      </Unit>
      <Unit>
        <Filename Value="utils\siz\usizcardtypes.pas"/>
        <IsPartOfProject Value="True"/>
        <UnitName Value="USIZCardTypes"/>
      </Unit>
      <Unit>
        <Filename Value="forms\siz\usizsizespeceditform.pas"/>
        <IsPartOfProject Value="True"/>
        <ComponentName Value="SIZSizeSpecEditForm"/>
        <HasResources Value="True"/>
        <ResourceBaseClass Value="Form"/>
        <UnitName Value="USIZSizeSpecEditForm"/>
      </Unit>
      <Unit>
        <Filename Value="forms\siz\usizstatusneweditform.pas"/>
        <IsPartOfProject Value="True"/>
        <ComponentName Value="SIZStatusNewEditForm"/>
        <HasResources Value="True"/>
        <ResourceBaseClass Value="Form"/>
        <UnitName Value="USIZStatusNewEditForm"/>
      </Unit>
      <Unit>
        <Filename Value="forms\siz\usizstatuscopyeditform.pas"/>
        <IsPartOfProject Value="True"/>
        <ComponentName Value="SIZStatusCopyEditForm"/>
        <HasResources Value="True"/>
        <ResourceBaseClass Value="Form"/>
        <UnitName Value="USIZStatusCopyEditForm"/>
      </Unit>
      <Unit>
        <Filename Value="forms\siz\usizcardreturneditform.pas"/>
        <IsPartOfProject Value="True"/>
        <ComponentName Value="SIZCardReturnEditForm"/>
        <HasResources Value="True"/>
        <ResourceBaseClass Value="Form"/>
        <UnitName Value="USIZCardReturnEditForm"/>
      </Unit>
      <Unit>
        <Filename Value="forms\siz\usizdocreceivingform.pas"/>
        <IsPartOfProject Value="True"/>
        <ComponentName Value="SIZDocReceivingForm"/>
        <HasResources Value="True"/>
        <ResourceBaseClass Value="Form"/>
        <UnitName Value="USIZDocReceivingForm"/>
      </Unit>
      <Unit>
        <Filename Value="forms\siz\usizdocreturningform.pas"/>
        <IsPartOfProject Value="True"/>
        <ComponentName Value="SIZDocReturningForm"/>
        <HasResources Value="True"/>
        <ResourceBaseClass Value="Form"/>
        <UnitName Value="USIZDocReturningForm"/>
      </Unit>
      <Unit>
        <Filename Value="utils\siz\usizdocsheet.pas"/>
        <IsPartOfProject Value="True"/>
        <UnitName Value="USIZDocSheet"/>
      </Unit>
      <Unit>
        <Filename Value="forms\siz\usizdocmb7form.pas"/>
        <IsPartOfProject Value="True"/>
        <ComponentName Value="SIZDocMB7Form"/>
        <HasResources Value="True"/>
        <ResourceBaseClass Value="Form"/>
        <UnitName Value="USIZDocMB7Form"/>
      </Unit>
      <Unit>
        <Filename Value="forms\siz\usizstaffhistoryform.pas"/>
        <IsPartOfProject Value="True"/>
        <ComponentName Value="SIZStaffHistoryForm"/>
        <HasResources Value="True"/>
        <ResourceBaseClass Value="Form"/>
        <UnitName Value="USIZStaffHistoryForm"/>
      </Unit>
      <Unit>
        <Filename Value="utils\siz\usizstoresheet.pas"/>
        <IsPartOfProject Value="True"/>
        <UnitName Value="USIZStoreSheet"/>
      </Unit>
      <Unit>
        <Filename Value="utils\siz\usizstoretypes.pas"/>
        <IsPartOfProject Value="True"/>
        <UnitName Value="USIZStoreTypes"/>
      </Unit>
      <Unit>
        <Filename Value="forms\uinfoform.pas"/>
        <IsPartOfProject Value="True"/>
        <ComponentName Value="InfoForm"/>
        <HasResources Value="True"/>
        <ResourceBaseClass Value="Form"/>
        <UnitName Value="UInfoForm"/>
      </Unit>
      <Unit>
        <Filename Value="forms\siz\usizrequestform.pas"/>
        <IsPartOfProject Value="True"/>
        <ComponentName Value="SIZRequestForm"/>
        <HasResources Value="True"/>
        <ResourceBaseClass Value="Form"/>
        <UnitName Value="USIZRequestForm"/>
      </Unit>
      <Unit>
        <Filename Value="forms\briefing\ubriefinglogform.pas"/>
        <IsPartOfProject Value="True"/>
        <ComponentName Value="BriefingLogForm"/>
        <HasResources Value="True"/>
        <ResourceBaseClass Value="Form"/>
        <UnitName Value="UBriefingLogForm"/>
      </Unit>
      <Unit>
        <Filename Value="utils\briefing\ubriefingsheet.pas"/>
        <IsPartOfProject Value="True"/>
        <UnitName Value="UBriefingSheet"/>
      </Unit>
      <Unit>
        <Filename Value="forms\briefing\ubriefingeditform.pas"/>
        <IsPartOfProject Value="True"/>
        <ComponentName Value="BriefingEditForm"/>
        <HasResources Value="True"/>
        <ResourceBaseClass Value="Form"/>
        <UnitName Value="UBriefingEditForm"/>
      </Unit>
    </Units>
  </ProjectOptions>
  <CompilerOptions>
    <Version Value="11"/>
    <PathDelim Value="\"/>
    <Target>
      <Filename Value="DKForeman"/>
    </Target>
    <SearchPaths>
      <IncludeFiles Value="$(ProjOutDir)"/>
      <OtherUnitFiles Value="forms\calendar;utils;forms\staff;forms\timing;forms\siz;forms\study;utils\timing;forms;utils\siz;forms\briefing;utils\briefing"/>
      <UnitOutputDirectory Value="lib\$(TargetCPU)-$(TargetOS)"/>
    </SearchPaths>
    <Linking>
      <Debugging>
        <DebugInfoType Value="dsDwarf2Set"/>
        <UseHeaptrc Value="True"/>
        <UseExternalDbgSyms Value="True"/>
      </Debugging>
      <Options>
        <Win32>
          <GraphicApplication Value="True"/>
        </Win32>
      </Options>
    </Linking>
  </CompilerOptions>
  <Debugging>
    <Exceptions>
      <Item>
        <Name Value="EAbort"/>
      </Item>
      <Item>
        <Name Value="ECodetoolError"/>
      </Item>
      <Item>
        <Name Value="EFOpenError"/>
      </Item>
    </Exceptions>
  </Debugging>
</CONFIG>
