<?xml version="1.0" encoding="UTF-8"?>
<CONFIG>
  <ProjectOptions>
    <Version Value="12"/>
    <PathDelim Value="\"/>
    <General>
      <SessionStorage Value="InProjectDir"/>
      <Title Value="DKForeman"/>
      <Scaled Value="True"/>
      <ResourceType Value="res"/>
      <UseXPManifest Value="True"/>
      <XPManifest>
        <DpiAware Value="True"/>
      </XPManifest>
      <Icon Value="0"/>
    </General>
    <BuildModes>
      <Item Name="Default" Default="True"/>
    </BuildModes>
    <PublishOptions>
      <Version Value="2"/>
      <UseFileFilters Value="True"/>
    </PublishOptions>
    <RunParams>
      <FormatVersion Value="2"/>
    </RunParams>
    <RequiredPackages>
      <Item>
        <PackageName Value="DKZoom"/>
      </Item>
      <Item>
        <PackageName Value="laz_fpspreadsheet_visual_dsgn"/>
      </Item>
      <Item>
        <PackageName Value="laz_fpspreadsheet_visual"/>
      </Item>
      <Item>
        <PackageName Value="DKSpreadSheet"/>
      </Item>
      <Item>
        <PackageName Value="DateTimeCtrlsDsgn"/>
      </Item>
      <Item>
        <PackageName Value="DateTimeCtrls"/>
      </Item>
      <Item>
        <PackageName Value="DKVTUtils"/>
      </Item>
      <Item>
        <PackageName Value="virtualtreeview_package"/>
      </Item>
      <Item>
        <PackageName Value="DKProgress"/>
      </Item>
      <Item>
        <PackageName Value="bgracontrols"/>
      </Item>
      <Item>
        <PackageName Value="DKDatabase"/>
      </Item>
      <Item>
        <PackageName Value="LazControls"/>
      </Item>
      <Item>
        <PackageName Value="DKUtils"/>
      </Item>
      <Item>
        <PackageName Value="LCL"/>
      </Item>
    </RequiredPackages>
    <Units>
      <Unit>
        <Filename Value="DKForeman.lpr"/>
        <IsPartOfProject Value="True"/>
      </Unit>
      <Unit>
        <Filename Value="umainform.pas"/>
        <IsPartOfProject Value="True"/>
        <ComponentName Value="MainForm"/>
        <HasResources Value="True"/>
        <ResourceBaseClass Value="Form"/>
        <UnitName Value="UMainForm"/>
      </Unit>
      <Unit>
        <Filename Value="forms\timing\ucalendarform.pas"/>
        <IsPartOfProject Value="True"/>
        <ComponentName Value="CalendarForm"/>
        <HasResources Value="True"/>
        <ResourceBaseClass Value="Form"/>
        <UnitName Value="UCalendarForm"/>
      </Unit>
      <Unit>
        <Filename Value="utils\udatabase.pas"/>
        <IsPartOfProject Value="True"/>
        <UnitName Value="UDataBase"/>
      </Unit>
      <Unit>
        <Filename Value="forms\staff\ustaffform.pas"/>
        <IsPartOfProject Value="True"/>
        <ComponentName Value="StaffForm"/>
        <HasResources Value="True"/>
        <ResourceBaseClass Value="Form"/>
        <UnitName Value="UStaffForm"/>
      </Unit>
      <Unit>
        <Filename Value="forms\timing\uscheduleshiftform.pas"/>
        <IsPartOfProject Value="True"/>
        <ComponentName Value="ScheduleShiftForm"/>
        <HasResources Value="True"/>
        <ResourceBaseClass Value="Form"/>
        <UnitName Value="UScheduleShiftForm"/>
      </Unit>
      <Unit>
        <Filename Value="forms\timing\uvacationplaneform.pas"/>
        <IsPartOfProject Value="True"/>
        <ComponentName Value="VacationPlaneForm"/>
        <ResourceBaseClass Value="Form"/>
        <UnitName Value="UVacationPlaneForm"/>
      </Unit>
      <Unit>
        <Filename Value="forms\timing\uschedulepersonalform.pas"/>
        <IsPartOfProject Value="True"/>
        <ComponentName Value="SchedulePersonalForm"/>
        <HasResources Value="True"/>
        <ResourceBaseClass Value="Form"/>
        <UnitName Value="USchedulePersonalForm"/>
      </Unit>
      <Unit>
        <Filename Value="forms\timing\utimetableform.pas"/>
        <IsPartOfProject Value="True"/>
        <ComponentName Value="TimetableForm"/>
        <ResourceBaseClass Value="Form"/>
        <UnitName Value="UTimetableForm"/>
      </Unit>
      <Unit>
        <Filename Value="forms\siz\usizform.pas"/>
        <IsPartOfProject Value="True"/>
        <ComponentName Value="SIZForm"/>
        <ResourceBaseClass Value="Form"/>
        <UnitName Value="USIZForm"/>
      </Unit>
      <Unit>
        <Filename Value="forms\sso\ussoform.pas"/>
        <IsPartOfProject Value="True"/>
        <ComponentName Value="SSOForm"/>
        <ResourceBaseClass Value="Form"/>
        <UnitName Value="USSOForm"/>
      </Unit>
      <Unit>
        <Filename Value="forms\study\ustudyform.pas"/>
        <IsPartOfProject Value="True"/>
        <ComponentName Value="StudyForm"/>
        <ResourceBaseClass Value="Form"/>
        <UnitName Value="UStudyForm"/>
      </Unit>
      <Unit>
        <Filename Value="utils\uconst.pas"/>
        <IsPartOfProject Value="True"/>
        <UnitName Value="UConst"/>
      </Unit>
      <Unit>
        <Filename Value="utils\utypes.pas"/>
        <IsPartOfProject Value="True"/>
        <UnitName Value="UTypes"/>
      </Unit>
      <Unit>
        <Filename Value="forms\staff\ustaffmaineditform.pas"/>
        <IsPartOfProject Value="True"/>
        <ComponentName Value="StaffMainEditForm"/>
        <HasResources Value="True"/>
        <ResourceBaseClass Value="Form"/>
        <UnitName Value="UStaffMainEditForm"/>
      </Unit>
      <Unit>
        <Filename Value="utils\uutils.pas"/>
        <IsPartOfProject Value="True"/>
        <UnitName Value="UUtils"/>
      </Unit>
      <Unit>
        <Filename Value="forms\staff\ustafftabnumeditform.pas"/>
        <IsPartOfProject Value="True"/>
        <ComponentName Value="StaffTabNumEditForm"/>
        <HasResources Value="True"/>
        <ResourceBaseClass Value="Form"/>
        <UnitName Value="UStaffTabNumEditForm"/>
      </Unit>
      <Unit>
        <Filename Value="forms\staff\ustaffpostlogeditform.pas"/>
        <IsPartOfProject Value="True"/>
        <ComponentName Value="StaffPostlogEditForm"/>
        <HasResources Value="True"/>
        <ResourceBaseClass Value="Form"/>
        <UnitName Value="UStaffPostLogEditForm"/>
      </Unit>
      <Unit>
        <Filename Value="utils\timing\ucalendar.pas"/>
        <IsPartOfProject Value="True"/>
        <UnitName Value="UCalendar"/>
      </Unit>
      <Unit>
        <Filename Value="utils\timing\uworkhours.pas"/>
        <IsPartOfProject Value="True"/>
        <UnitName Value="UWorkHours"/>
      </Unit>
      <Unit>
        <Filename Value="utils\timing\ucalendarsheet.pas"/>
        <IsPartOfProject Value="True"/>
        <UnitName Value="UCalendarSheet"/>
      </Unit>
      <Unit>
        <Filename Value="forms\timing\ucalendareditform.pas"/>
        <IsPartOfProject Value="True"/>
        <ComponentName Value="CalendarEditForm"/>
        <HasResources Value="True"/>
        <ResourceBaseClass Value="Form"/>
        <UnitName Value="UCalendarEditForm"/>
      </Unit>
      <Unit>
        <Filename Value="forms\timing\uschedulecorrectioneditform.pas"/>
        <IsPartOfProject Value="True"/>
        <ComponentName Value="ScheduleCorrectionEditForm"/>
        <HasResources Value="True"/>
        <ResourceBaseClass Value="Form"/>
        <UnitName Value="UScheduleCorrectionEditForm"/>
      </Unit>
      <Unit>
        <Filename Value="utils\timing\uschedule.pas"/>
        <IsPartOfProject Value="True"/>
        <UnitName Value="USchedule"/>
      </Unit>
      <Unit>
        <Filename Value="utils\timing\utimingsheet.pas"/>
        <IsPartOfProject Value="True"/>
        <UnitName Value="UTimingSheet"/>
      </Unit>
      <Unit>
        <Filename Value="utils\timing\uscheduleshiftsheet.pas"/>
        <IsPartOfProject Value="True"/>
        <UnitName Value="UScheduleShiftSheet"/>
      </Unit>
      <Unit>
        <Filename Value="forms\uchooseform.pas"/>
        <IsPartOfProject Value="True"/>
        <ComponentName Value="ChooseForm"/>
        <ResourceBaseClass Value="Form"/>
        <UnitName Value="UChooseForm"/>
      </Unit>
      <Unit>
        <Filename Value="forms\timing\uscheduleshifteditform.pas"/>
        <IsPartOfProject Value="True"/>
        <ComponentName Value="ScheduleShiftEditForm"/>
        <HasResources Value="True"/>
        <ResourceBaseClass Value="Form"/>
        <UnitName Value="UScheduleShiftEditForm"/>
      </Unit>
      <Unit>
        <Filename Value="forms\timing\uscheduleshiftmonthform.pas"/>
        <IsPartOfProject Value="True"/>
        <ComponentName Value="ScheduleShiftMonthForm"/>
        <HasResources Value="True"/>
        <ResourceBaseClass Value="Form"/>
        <UnitName Value="UScheduleShiftMonthForm"/>
      </Unit>
      <Unit>
        <Filename Value="forms\timing\uscheduleshiftcalendarform.pas"/>
        <IsPartOfProject Value="True"/>
        <ComponentName Value="ScheduleShiftCalendarForm"/>
        <HasResources Value="True"/>
        <ResourceBaseClass Value="Form"/>
        <UnitName Value="UScheduleShiftCalendarForm"/>
      </Unit>
      <Unit>
        <Filename Value="forms\timing\uschedulepersonaleditform.pas"/>
        <IsPartOfProject Value="True"/>
        <ComponentName Value="SchedulePersonalEditForm"/>
        <HasResources Value="True"/>
        <ResourceBaseClass Value="Form"/>
        <UnitName Value="USchedulePersonalEditForm"/>
      </Unit>
    </Units>
  </ProjectOptions>
  <CompilerOptions>
    <Version Value="11"/>
    <PathDelim Value="\"/>
    <Target>
      <Filename Value="DKForeman"/>
    </Target>
    <SearchPaths>
      <IncludeFiles Value="$(ProjOutDir)"/>
      <OtherUnitFiles Value="forms\calendar;utils;forms\staff;forms\timing;forms\siz;forms\sso;forms\study;utils\timing;forms"/>
      <UnitOutputDirectory Value="lib\$(TargetCPU)-$(TargetOS)"/>
    </SearchPaths>
    <Linking>
      <Debugging>
        <DebugInfoType Value="dsDwarf2Set"/>
        <UseHeaptrc Value="True"/>
        <UseExternalDbgSyms Value="True"/>
      </Debugging>
      <Options>
        <Win32>
          <GraphicApplication Value="True"/>
        </Win32>
      </Options>
    </Linking>
  </CompilerOptions>
  <Debugging>
    <Exceptions>
      <Item>
        <Name Value="EAbort"/>
      </Item>
      <Item>
        <Name Value="ECodetoolError"/>
      </Item>
      <Item>
        <Name Value="EFOpenError"/>
      </Item>
    </Exceptions>
  </Debugging>
</CONFIG>
